# THIS IS AN AUTOGENERATED FILE. DO NOT EDIT THIS FILE DIRECTLY.
# yarn lockfile v1


"@types/node@^22.9.1":
  version "22.13.4"
  resolved "https://registry.npmmirror.com/@types/node/-/node-22.13.4.tgz#3fe454d77cd4a2d73c214008b3e331bfaaf5038a"
  integrity sha512-ywP2X0DYtX3y08eFVx5fNIw7/uIv8hYUKgXoK8oayJlLnKcRfEYCxWMVE1XagUdVtCJlZT1AU4LXEABW+L1Peg==
  dependencies:
    undici-types "~6.20.0"

"@types/react@^19.2.7":
  version "19.2.7"
  resolved "https://registry.npmmirror.com/@types/react/-/react-19.2.7.tgz#84e62c0f23e8e4e5ac2cadcea1ffeacccae7f62f"
  integrity sha512-MWtvHrGZLFttgeEj28VXHxpmwYbor/ATPYbBfSFZEIRK0ecCFLl2Qo55z52Hss+UV9CRN7trSeq1zbgx7YDWWg==
  dependencies:
    csstype "^3.2.2"

"@yd/utils@https://github.com/herowyd1994/yd-utils.git":
  version "1.0.1"
  resolved "https://github.com/herowyd1994/yd-utils.git#dc705df3745b8ec1b1e420dfd6e4c06c7ab66b6d"

csstype@^3.2.2:
  version "3.2.3"
  resolved "https://registry.npmmirror.com/csstype/-/csstype-3.2.3.tgz#ec48c0f3e993e50648c86da559e2610995cf989a"
  integrity sha512-z1HGKcYy2xA8AGQfwrn0PAy+PB7X/GSj3UVJW9qKyn43xWa+gl5nXmU4qqLMRzWVLFC8KusUX8T/0kCiOYpAIQ==

prettier@^3.3.3:
  version "3.5.1"
  resolved "https://registry.npmmirror.com/prettier/-/prettier-3.5.1.tgz#22fac9d0b18c0b92055ac8fb619ac1c7bef02fb7"
  integrity sha512-hPpFQvHwL3Qv5AdRvBFMhnKo4tYxp0ReXiPn2bxkiohEX6mBeBwEpBSQTkD458RaaDKQMYSp4hX4UtfUTA5wDw==

typescript@^5.6.3:
  version "5.7.3"
  resolved "https://registry.npmmirror.com/typescript/-/typescript-5.7.3.tgz#919b44a7dbb8583a9b856d162be24a54bf80073e"
  integrity sha512-84MVSjMEHP+FQRPy3pX9sTVV/INIex71s9TL2Gm5FG/WG1SqXeKyZ0k7/blY/4FdOzI12CBy1vGc4og/eus0fw==

undici-types@~6.20.0:
  version "6.20.0"
  resolved "https://registry.npmmirror.com/undici-types/-/undici-types-6.20.0.tgz#8171bf22c1f588d1554d55bf204bc624af388433"
  integrity sha512-Ny6QZ2Nju20vw1SRHe3d9jVu6gJ+4e3+MMpqu7pqE5HT6WsTSlce++GQmK5UXS8mzV8DSYHrQH+Xrf2jVcuKNg==
